
Microsoft Visual Studio Solution File, Format Version 12.00
# Visual Studio Version 17
VisualStudioVersion = 17.9.34723.18
MinimumVisualStudioVersion = 10.0.40219.1
Project("{8BC9CEB8-8B4A-11D0-8D11-00A0C91BC942}") = "LANCableDetectIPAddress", "LANCableDetectIPAddress\LANCableDetectIPAddress.vcxproj", "{F979D9F9-5B19-45FA-A390-104E5134BF9E}"
EndProject
Project("{8BC9CEB8-8B4A-11D0-8D11-00A0C91BC942}") = "TestCLI11", "TestCLI11\TestCLI11.vcxproj", "{8B50C9E4-2B47-4ADA-B767-91E933B827EC}"
EndProject
Project("{8BC9CEB8-8B4A-11D0-8D11-00A0C91BC942}") = "WebRTCServer", "WebRTCServer\WebRTCServer.vcxproj", "{E114BACF-490F-4848-8014-EBB140DC69F5}"
EndProject
Project("{8BC9CEB8-8B4A-11D0-8D11-00A0C91BC942}") = "Cpp11Test", "Cpp11Test\Cpp11Test.vcxproj", "{1B7DC358-690C-4D8C-830A-0A6761D8ACEB}"
EndProject
Project("{8BC9CEB8-8B4A-11D0-8D11-00A0C91BC942}") = "FileReceiver", "FileReceiver\FileReceiver.vcxproj", "{94F96C3D-51C8-4FD8-9FFF-D2E415D0CE3D}"
EndProject
Project("{8BC9CEB8-8B4A-11D0-8D11-00A0C91BC942}") = "FileSender", "FileSender\FileSender.vcxproj", "{8C64CEEC-4D17-4439-9DA9-56370058E330}"
EndProject
Project("{8BC9CEB8-8B4A-11D0-8D11-00A0C91BC942}") = "WebRTCsignalingServer", "WebRTCsignalingServer\WebRTCsignalingServer.vcxproj", "{403D1159-042C-4F9A-8999-FB2F58949FBE}"
EndProject
Project("{8BC9CEB8-8B4A-11D0-8D11-00A0C91BC942}") = "WebRTCsignalingClient", "WebRTCsignalingClient\WebRTCsignalingClient.vcxproj", "{D9D3E233-8092-49C3-8910-CA38DC868F09}"
EndProject
Global
	GlobalSection(SolutionConfigurationPlatforms) = preSolution
		Debug|x64 = Debug|x64
		Debug|x86 = Debug|x86
		Release|x64 = Release|x64
		Release|x86 = Release|x86
	EndGlobalSection
	GlobalSection(ProjectConfigurationPlatforms) = postSolution
		{F979D9F9-5B19-45FA-A390-104E5134BF9E}.Debug|x64.ActiveCfg = Debug|x64
		{F979D9F9-5B19-45FA-A390-104E5134BF9E}.Debug|x64.Build.0 = Debug|x64
		{F979D9F9-5B19-45FA-A390-104E5134BF9E}.Debug|x86.ActiveCfg = Debug|Win32
		{F979D9F9-5B19-45FA-A390-104E5134BF9E}.Debug|x86.Build.0 = Debug|Win32
		{F979D9F9-5B19-45FA-A390-104E5134BF9E}.Release|x64.ActiveCfg = Release|x64
		{F979D9F9-5B19-45FA-A390-104E5134BF9E}.Release|x64.Build.0 = Release|x64
		{F979D9F9-5B19-45FA-A390-104E5134BF9E}.Release|x86.ActiveCfg = Release|Win32
		{F979D9F9-5B19-45FA-A390-104E5134BF9E}.Release|x86.Build.0 = Release|Win32
		{8B50C9E4-2B47-4ADA-B767-91E933B827EC}.Debug|x64.ActiveCfg = Debug|x64
		{8B50C9E4-2B47-4ADA-B767-91E933B827EC}.Debug|x64.Build.0 = Debug|x64
		{8B50C9E4-2B47-4ADA-B767-91E933B827EC}.Debug|x86.ActiveCfg = Debug|Win32
		{8B50C9E4-2B47-4ADA-B767-91E933B827EC}.Debug|x86.Build.0 = Debug|Win32
		{8B50C9E4-2B47-4ADA-B767-91E933B827EC}.Release|x64.ActiveCfg = Release|x64
		{8B50C9E4-2B47-4ADA-B767-91E933B827EC}.Release|x64.Build.0 = Release|x64
		{8B50C9E4-2B47-4ADA-B767-91E933B827EC}.Release|x86.ActiveCfg = Release|Win32
		{8B50C9E4-2B47-4ADA-B767-91E933B827EC}.Release|x86.Build.0 = Release|Win32
		{E114BACF-490F-4848-8014-EBB140DC69F5}.Debug|x64.ActiveCfg = Debug|x64
		{E114BACF-490F-4848-8014-EBB140DC69F5}.Debug|x64.Build.0 = Debug|x64
		{E114BACF-490F-4848-8014-EBB140DC69F5}.Debug|x86.ActiveCfg = Debug|Win32
		{E114BACF-490F-4848-8014-EBB140DC69F5}.Debug|x86.Build.0 = Debug|Win32
		{E114BACF-490F-4848-8014-EBB140DC69F5}.Release|x64.ActiveCfg = Release|x64
		{E114BACF-490F-4848-8014-EBB140DC69F5}.Release|x64.Build.0 = Release|x64
		{E114BACF-490F-4848-8014-EBB140DC69F5}.Release|x86.ActiveCfg = Release|Win32
		{E114BACF-490F-4848-8014-EBB140DC69F5}.Release|x86.Build.0 = Release|Win32
		{1B7DC358-690C-4D8C-830A-0A6761D8ACEB}.Debug|x64.ActiveCfg = Debug|x64
		{1B7DC358-690C-4D8C-830A-0A6761D8ACEB}.Debug|x64.Build.0 = Debug|x64
		{1B7DC358-690C-4D8C-830A-0A6761D8ACEB}.Debug|x86.ActiveCfg = Debug|Win32
		{1B7DC358-690C-4D8C-830A-0A6761D8ACEB}.Debug|x86.Build.0 = Debug|Win32
		{1B7DC358-690C-4D8C-830A-0A6761D8ACEB}.Release|x64.ActiveCfg = Release|x64
		{1B7DC358-690C-4D8C-830A-0A6761D8ACEB}.Release|x64.Build.0 = Release|x64
		{1B7DC358-690C-4D8C-830A-0A6761D8ACEB}.Release|x86.ActiveCfg = Release|Win32
		{1B7DC358-690C-4D8C-830A-0A6761D8ACEB}.Release|x86.Build.0 = Release|Win32
		{94F96C3D-51C8-4FD8-9FFF-D2E415D0CE3D}.Debug|x64.ActiveCfg = Debug|x64
		{94F96C3D-51C8-4FD8-9FFF-D2E415D0CE3D}.Debug|x64.Build.0 = Debug|x64
		{94F96C3D-51C8-4FD8-9FFF-D2E415D0CE3D}.Debug|x86.ActiveCfg = Debug|Win32
		{94F96C3D-51C8-4FD8-9FFF-D2E415D0CE3D}.Debug|x86.Build.0 = Debug|Win32
		{94F96C3D-51C8-4FD8-9FFF-D2E415D0CE3D}.Release|x64.ActiveCfg = Release|x64
		{94F96C3D-51C8-4FD8-9FFF-D2E415D0CE3D}.Release|x64.Build.0 = Release|x64
		{94F96C3D-51C8-4FD8-9FFF-D2E415D0CE3D}.Release|x86.ActiveCfg = Release|Win32
		{94F96C3D-51C8-4FD8-9FFF-D2E415D0CE3D}.Release|x86.Build.0 = Release|Win32
		{8C64CEEC-4D17-4439-9DA9-56370058E330}.Debug|x64.ActiveCfg = Debug|x64
		{8C64CEEC-4D17-4439-9DA9-56370058E330}.Debug|x64.Build.0 = Debug|x64
		{8C64CEEC-4D17-4439-9DA9-56370058E330}.Debug|x86.ActiveCfg = Debug|Win32
		{8C64CEEC-4D17-4439-9DA9-56370058E330}.Debug|x86.Build.0 = Debug|Win32
		{8C64CEEC-4D17-4439-9DA9-56370058E330}.Release|x64.ActiveCfg = Release|x64
		{8C64CEEC-4D17-4439-9DA9-56370058E330}.Release|x64.Build.0 = Release|x64
		{8C64CEEC-4D17-4439-9DA9-56370058E330}.Release|x86.ActiveCfg = Release|Win32
		{8C64CEEC-4D17-4439-9DA9-56370058E330}.Release|x86.Build.0 = Release|Win32
		{403D1159-042C-4F9A-8999-FB2F58949FBE}.Debug|x64.ActiveCfg = Debug|x64
		{403D1159-042C-4F9A-8999-FB2F58949FBE}.Debug|x64.Build.0 = Debug|x64
		{403D1159-042C-4F9A-8999-FB2F58949FBE}.Debug|x86.ActiveCfg = Debug|Win32
		{403D1159-042C-4F9A-8999-FB2F58949FBE}.Debug|x86.Build.0 = Debug|Win32
		{403D1159-042C-4F9A-8999-FB2F58949FBE}.Release|x64.ActiveCfg = Release|x64
		{403D1159-042C-4F9A-8999-FB2F58949FBE}.Release|x64.Build.0 = Release|x64
		{403D1159-042C-4F9A-8999-FB2F58949FBE}.Release|x86.ActiveCfg = Release|Win32
		{403D1159-042C-4F9A-8999-FB2F58949FBE}.Release|x86.Build.0 = Release|Win32
		{D9D3E233-8092-49C3-8910-CA38DC868F09}.Debug|x64.ActiveCfg = Debug|x64
		{D9D3E233-8092-49C3-8910-CA38DC868F09}.Debug|x64.Build.0 = Debug|x64
		{D9D3E233-8092-49C3-8910-CA38DC868F09}.Debug|x86.ActiveCfg = Debug|Win32
		{D9D3E233-8092-49C3-8910-CA38DC868F09}.Debug|x86.Build.0 = Debug|Win32
		{D9D3E233-8092-49C3-8910-CA38DC868F09}.Release|x64.ActiveCfg = Release|x64
		{D9D3E233-8092-49C3-8910-CA38DC868F09}.Release|x64.Build.0 = Release|x64
		{D9D3E233-8092-49C3-8910-CA38DC868F09}.Release|x86.ActiveCfg = Release|Win32
		{D9D3E233-8092-49C3-8910-CA38DC868F09}.Release|x86.Build.0 = Release|Win32
	EndGlobalSection
	GlobalSection(SolutionProperties) = preSolution
		HideSolutionNode = FALSE
	EndGlobalSection
	GlobalSection(ExtensibilityGlobals) = postSolution
		SolutionGuid = {4F6B291F-9955-468A-925F-36143DF187CB}
	EndGlobalSection
EndGlobal
